
Microsoft Visual Studio Solution File, Format Version 12.00
# Visual Studio Version 17
VisualStudioVersion = 17.14.36705.20
MinimumVisualStudioVersion = 10.0.40219.1
Project("{FAE04EC0-301F-11D3-BF4B-00C04F79EFBC}") = "Semchunk.Net", "Semchunk.Net\Semchunk.Net.csproj", "{C4C27153-D3E2-4DE5-A7E8-E4D8A006E0EA}"
EndProject
Project("{FAE04EC0-301F-11D3-BF4B-00C04F79EFBC}") = "Semchunk.Tests", "SemChunk.Tests\Semchunk.Tests.csproj", "{134484E4-4375-4ABA-9CF9-1482F674D4EC}"
EndProject
Project("{FAE04EC0-301F-11D3-BF4B-00C04F79EFBC}") = "SemchunkNet.Tiktoken", "SemchunkNet.Tiktoken\SemchunkNet.Tiktoken.csproj", "{D7A77810-7AD3-4357-91D0-3C6E013CB30F}"
EndProject
Project("{FAE04EC0-301F-11D3-BF4B-00C04F79EFBC}") = "SemchunkNet.MicrosoftML", "SemchunkNet.MicrosoftML\SemchunkNet.MicrosoftML.csproj", "{A9D0D16C-2A49-461F-8E78-F760382551A3}"
EndProject
Global
	GlobalSection(SolutionConfigurationPlatforms) = preSolution
		Debug|Any CPU = Debug|Any CPU
		Debug|x64 = Debug|x64
		Debug|x86 = Debug|x86
		Release|Any CPU = Release|Any CPU
		Release|x64 = Release|x64
		Release|x86 = Release|x86
	EndGlobalSection
	GlobalSection(ProjectConfigurationPlatforms) = postSolution
		{C4C27153-D3E2-4DE5-A7E8-E4D8A006E0EA}.Debug|Any CPU.ActiveCfg = Debug|Any CPU
		{C4C27153-D3E2-4DE5-A7E8-E4D8A006E0EA}.Debug|Any CPU.Build.0 = Debug|Any CPU
		{C4C27153-D3E2-4DE5-A7E8-E4D8A006E0EA}.Debug|x64.ActiveCfg = Debug|Any CPU
		{C4C27153-D3E2-4DE5-A7E8-E4D8A006E0EA}.Debug|x64.Build.0 = Debug|Any CPU
		{C4C27153-D3E2-4DE5-A7E8-E4D8A006E0EA}.Debug|x86.ActiveCfg = Debug|Any CPU
		{C4C27153-D3E2-4DE5-A7E8-E4D8A006E0EA}.Debug|x86.Build.0 = Debug|Any CPU
		{C4C27153-D3E2-4DE5-A7E8-E4D8A006E0EA}.Release|Any CPU.ActiveCfg = Release|Any CPU
		{C4C27153-D3E2-4DE5-A7E8-E4D8A006E0EA}.Release|Any CPU.Build.0 = Release|Any CPU
		{C4C27153-D3E2-4DE5-A7E8-E4D8A006E0EA}.Release|x64.ActiveCfg = Release|Any CPU
		{C4C27153-D3E2-4DE5-A7E8-E4D8A006E0EA}.Release|x64.Build.0 = Release|Any CPU
		{C4C27153-D3E2-4DE5-A7E8-E4D8A006E0EA}.Release|x86.ActiveCfg = Release|Any CPU
		{C4C27153-D3E2-4DE5-A7E8-E4D8A006E0EA}.Release|x86.Build.0 = Release|Any CPU
		{134484E4-4375-4ABA-9CF9-1482F674D4EC}.Debug|Any CPU.ActiveCfg = Debug|Any CPU
		{134484E4-4375-4ABA-9CF9-1482F674D4EC}.Debug|Any CPU.Build.0 = Debug|Any CPU
		{134484E4-4375-4ABA-9CF9-1482F674D4EC}.Debug|x64.ActiveCfg = Debug|Any CPU
		{134484E4-4375-4ABA-9CF9-1482F674D4EC}.Debug|x64.Build.0 = Debug|Any CPU
		{134484E4-4375-4ABA-9CF9-1482F674D4EC}.Debug|x86.ActiveCfg = Debug|Any CPU
		{134484E4-4375-4ABA-9CF9-1482F674D4EC}.Debug|x86.Build.0 = Debug|Any CPU
		{134484E4-4375-4ABA-9CF9-1482F674D4EC}.Release|Any CPU.ActiveCfg = Release|Any CPU
		{134484E4-4375-4ABA-9CF9-1482F674D4EC}.Release|Any CPU.Build.0 = Release|Any CPU
		{134484E4-4375-4ABA-9CF9-1482F674D4EC}.Release|x64.ActiveCfg = Release|Any CPU
		{134484E4-4375-4ABA-9CF9-1482F674D4EC}.Release|x64.Build.0 = Release|Any CPU
		{134484E4-4375-4ABA-9CF9-1482F674D4EC}.Release|x86.ActiveCfg = Release|Any CPU
		{134484E4-4375-4ABA-9CF9-1482F674D4EC}.Release|x86.Build.0 = Release|Any CPU
		{D7A77810-7AD3-4357-91D0-3C6E013CB30F}.Debug|Any CPU.ActiveCfg = Debug|Any CPU
		{D7A77810-7AD3-4357-91D0-3C6E013CB30F}.Debug|Any CPU.Build.0 = Debug|Any CPU
		{D7A77810-7AD3-4357-91D0-3C6E013CB30F}.Debug|x64.ActiveCfg = Debug|Any CPU
		{D7A77810-7AD3-4357-91D0-3C6E013CB30F}.Debug|x64.Build.0 = Debug|Any CPU
		{D7A77810-7AD3-4357-91D0-3C6E013CB30F}.Debug|x86.ActiveCfg = Debug|Any CPU
		{D7A77810-7AD3-4357-91D0-3C6E013CB30F}.Debug|x86.Build.0 = Debug|Any CPU
		{D7A77810-7AD3-4357-91D0-3C6E013CB30F}.Release|Any CPU.ActiveCfg = Release|Any CPU
		{D7A77810-7AD3-4357-91D0-3C6E013CB30F}.Release|Any CPU.Build.0 = Release|Any CPU
		{D7A77810-7AD3-4357-91D0-3C6E013CB30F}.Release|x64.ActiveCfg = Release|Any CPU
		{D7A77810-7AD3-4357-91D0-3C6E013CB30F}.Release|x64.Build.0 = Release|Any CPU
		{D7A77810-7AD3-4357-91D0-3C6E013CB30F}.Release|x86.ActiveCfg = Release|Any CPU
		{D7A77810-7AD3-4357-91D0-3C6E013CB30F}.Release|x86.Build.0 = Release|Any CPU
		{A9D0D16C-2A49-461F-8E78-F760382551A3}.Debug|Any CPU.ActiveCfg = Debug|Any CPU
		{A9D0D16C-2A49-461F-8E78-F760382551A3}.Debug|Any CPU.Build.0 = Debug|Any CPU
		{A9D0D16C-2A49-461F-8E78-F760382551A3}.Debug|x64.ActiveCfg = Debug|Any CPU
		{A9D0D16C-2A49-461F-8E78-F760382551A3}.Debug|x64.Build.0 = Debug|Any CPU
		{A9D0D16C-2A49-461F-8E78-F760382551A3}.Debug|x86.ActiveCfg = Debug|Any CPU
		{A9D0D16C-2A49-461F-8E78-F760382551A3}.Debug|x86.Build.0 = Debug|Any CPU
		{A9D0D16C-2A49-461F-8E78-F760382551A3}.Release|Any CPU.ActiveCfg = Release|Any CPU
		{A9D0D16C-2A49-461F-8E78-F760382551A3}.Release|Any CPU.Build.0 = Release|Any CPU
		{A9D0D16C-2A49-461F-8E78-F760382551A3}.Release|x64.ActiveCfg = Release|Any CPU
		{A9D0D16C-2A49-461F-8E78-F760382551A3}.Release|x64.Build.0 = Release|Any CPU
		{A9D0D16C-2A49-461F-8E78-F760382551A3}.Release|x86.ActiveCfg = Release|Any CPU
		{A9D0D16C-2A49-461F-8E78-F760382551A3}.Release|x86.Build.0 = Release|Any CPU
	EndGlobalSection
	GlobalSection(SolutionProperties) = preSolution
		HideSolutionNode = FALSE
	EndGlobalSection
	GlobalSection(ExtensibilityGlobals) = postSolution
		SolutionGuid = {760CA384-AC29-4A3D-B29C-364099AD5D35}
	EndGlobalSection
EndGlobal
